
Microsoft Visual Studio Solution File, Format Version 12.00
# Visual Studio Version 17
VisualStudioVersion = 17.7.34031.279
MinimumVisualStudioVersion = 10.0.40219.1
Project("{9A19103F-16F7-4668-BE54-9A1E7A4F7556}") = "IB_Lab12", "IB_Lab12\IB_Lab12.csproj", "{96705270-1D4B-40F0-98C9-13D99E30BC90}"
EndProject
Global
	GlobalSection(SolutionConfigurationPlatforms) = preSolution
		Debug|Any CPU = Debug|Any CPU
		Release|Any CPU = Release|Any CPU
	EndGlobalSection
	GlobalSection(ProjectConfigurationPlatforms) = postSolution
		{96705270-1D4B-40F0-98C9-13D99E30BC90}.Debug|Any CPU.ActiveCfg = Debug|Any CPU
		{96705270-1D4B-40F0-98C9-13D99E30BC90}.Debug|Any CPU.Build.0 = Debug|Any CPU
		{96705270-1D4B-40F0-98C9-13D99E30BC90}.Release|Any CPU.ActiveCfg = Release|Any CPU
		{96705270-1D4B-40F0-98C9-13D99E30BC90}.Release|Any CPU.Build.0 = Release|Any CPU
	EndGlobalSection
	GlobalSection(SolutionProperties) = preSolution
		HideSolutionNode = FALSE
	EndGlobalSection
	GlobalSection(ExtensibilityGlobals) = postSolution
		SolutionGuid = {DFB1F9B2-1360-456D-BE59-002832293FE7}
	EndGlobalSection
EndGlobal
